
Microsoft Visual Studio Solution File, Format Version 10.00
# Visual Studio Codename Orcas
Project("{E24C65DC-7377-472B-9ABA-BC803B73C61A}") = "CustomDrawing", "CustomDrawing\", "{32E14947-105A-4E24-BD25-4BB4F1A3AD63}"
	ProjectSection(WebsiteProperties) = preProject
		TargetFramework = "3.5"
		Debug.AspNetCompiler.VirtualPath = "/CustomDrawing"
		Debug.AspNetCompiler.PhysicalPath = "D:\Code\Beginning ASP.NET 2.0 in VB\Chapter12\CustomDrawing\"
		Debug.AspNetCompiler.TargetPath = "PrecompiledWeb\CustomDrawing\"
		Debug.AspNetCompiler.Updateable = "true"
		Debug.AspNetCompiler.ForceOverwrite = "true"
		Debug.AspNetCompiler.FixedNames = "false"
		Debug.AspNetCompiler.Debug = "True"
		Release.AspNetCompiler.VirtualPath = "/CustomDrawing"
		Release.AspNetCompiler.PhysicalPath = "D:\Code\Beginning ASP.NET 2.0 in VB\Chapter12\CustomDrawing\"
		Release.AspNetCompiler.TargetPath = "PrecompiledWeb\CustomDrawing\"
		Release.AspNetCompiler.Updateable = "true"
		Release.AspNetCompiler.ForceOverwrite = "true"
		Release.AspNetCompiler.FixedNames = "false"
		Release.AspNetCompiler.Debug = "False"
		VWDPort = "57548"
	EndProjectSection
EndProject
Global
	GlobalSection(SolutionConfigurationPlatforms) = preSolution
		Debug|.NET = Debug|.NET
	EndGlobalSection
	GlobalSection(ProjectConfigurationPlatforms) = postSolution
		{32E14947-105A-4E24-BD25-4BB4F1A3AD63}.Debug|.NET.ActiveCfg = Debug|.NET
		{32E14947-105A-4E24-BD25-4BB4F1A3AD63}.Debug|.NET.Build.0 = Debug|.NET
	EndGlobalSection
	GlobalSection(SolutionProperties) = preSolution
		HideSolutionNode = FALSE
	EndGlobalSection
EndGlobal
