
Microsoft Visual Studio Solution File, Format Version 10.00
# Visual Studio Codename Orcas
Project("{E24C65DC-7377-472B-9ABA-BC803B73C61A}") = "FileUploading", "FileUploading\", "{316917E5-78B8-4820-9E2A-57F3EEFBCFCC}"
	ProjectSection(WebsiteProperties) = preProject
		TargetFramework = "3.5"
		Debug.AspNetCompiler.VirtualPath = "/FileUploading"
		Debug.AspNetCompiler.PhysicalPath = "D:\Code\Beginning ASP.NET 2.0 in VB\Chapter18\FileUploading\"
		Debug.AspNetCompiler.TargetPath = "PrecompiledWeb\FileUploading\"
		Debug.AspNetCompiler.Updateable = "true"
		Debug.AspNetCompiler.ForceOverwrite = "true"
		Debug.AspNetCompiler.FixedNames = "false"
		Debug.AspNetCompiler.Debug = "True"
		Release.AspNetCompiler.VirtualPath = "/FileUploading"
		Release.AspNetCompiler.PhysicalPath = "D:\Code\Beginning ASP.NET 2.0 in VB\Chapter18\FileUploading\"
		Release.AspNetCompiler.TargetPath = "PrecompiledWeb\FileUploading\"
		Release.AspNetCompiler.Updateable = "true"
		Release.AspNetCompiler.ForceOverwrite = "true"
		Release.AspNetCompiler.FixedNames = "false"
		Release.AspNetCompiler.Debug = "False"
		VWDPort = "57975"
	EndProjectSection
EndProject
Global
	GlobalSection(SolutionConfigurationPlatforms) = preSolution
		Debug|.NET = Debug|.NET
	EndGlobalSection
	GlobalSection(ProjectConfigurationPlatforms) = postSolution
		{316917E5-78B8-4820-9E2A-57F3EEFBCFCC}.Debug|.NET.ActiveCfg = Debug|.NET
		{316917E5-78B8-4820-9E2A-57F3EEFBCFCC}.Debug|.NET.Build.0 = Debug|.NET
	EndGlobalSection
	GlobalSection(SolutionProperties) = preSolution
		HideSolutionNode = FALSE
	EndGlobalSection
EndGlobal
