
Microsoft Visual Studio Solution File, Format Version 10.00
# Visual Studio 2008
Project("{E24C65DC-7377-472B-9ABA-BC803B73C61A}") = "Ajax", "Ajax\", "{BDFD8EFA-14C1-4484-96ED-F9539C12CFB4}"
	ProjectSection(WebsiteProperties) = preProject
		TargetFramework = "3.5"
		Debug.AspNetCompiler.VirtualPath = "/Ajax"
		Debug.AspNetCompiler.PhysicalPath = "D:\Code\Beginning ASP.NET 3.5 in VB\Chapter25\Ajax\"
		Debug.AspNetCompiler.TargetPath = "PrecompiledWeb\Ajax\"
		Debug.AspNetCompiler.Updateable = "true"
		Debug.AspNetCompiler.ForceOverwrite = "true"
		Debug.AspNetCompiler.FixedNames = "false"
		Debug.AspNetCompiler.Debug = "True"
		Release.AspNetCompiler.VirtualPath = "/Ajax"
		Release.AspNetCompiler.PhysicalPath = "D:\Code\Beginning ASP.NET 3.5 in VB\Chapter25\Ajax\"
		Release.AspNetCompiler.TargetPath = "PrecompiledWeb\Ajax\"
		Release.AspNetCompiler.Updateable = "true"
		Release.AspNetCompiler.ForceOverwrite = "true"
		Release.AspNetCompiler.FixedNames = "false"
		Release.AspNetCompiler.Debug = "False"
		VWDPort = "50902"
		DefaultWebSiteLanguage = "Visual Basic"
	EndProjectSection
EndProject
Global
	GlobalSection(SolutionConfigurationPlatforms) = preSolution
		Debug|.NET = Debug|.NET
	EndGlobalSection
	GlobalSection(ProjectConfigurationPlatforms) = postSolution
		{BDFD8EFA-14C1-4484-96ED-F9539C12CFB4}.Debug|.NET.ActiveCfg = Debug|.NET
		{BDFD8EFA-14C1-4484-96ED-F9539C12CFB4}.Debug|.NET.Build.0 = Debug|.NET
	EndGlobalSection
	GlobalSection(SolutionProperties) = preSolution
		HideSolutionNode = FALSE
	EndGlobalSection
EndGlobal
