
Microsoft Visual Studio Solution File, Format Version 10.00
# Visual Studio 2008
Project("{E24C65DC-7377-472B-9ABA-BC803B73C61A}") = "MasterPages", "MasterPages\", "{A890A513-9770-4818-B5C2-34CCF58158CE}"
	ProjectSection(WebsiteProperties) = preProject
		TargetFramework = "3.5"
		Debug.AspNetCompiler.VirtualPath = "/MasterPages"
		Debug.AspNetCompiler.PhysicalPath = "D:\Code\Beginning ASP.NET 3.5 in VB\Chapter13\MasterPages\"
		Debug.AspNetCompiler.TargetPath = "PrecompiledWeb\MasterPages\"
		Debug.AspNetCompiler.Updateable = "true"
		Debug.AspNetCompiler.ForceOverwrite = "true"
		Debug.AspNetCompiler.FixedNames = "false"
		Debug.AspNetCompiler.Debug = "True"
		Release.AspNetCompiler.VirtualPath = "/MasterPages"
		Release.AspNetCompiler.PhysicalPath = "D:\Code\Beginning ASP.NET 3.5 in VB\Chapter13\MasterPages\"
		Release.AspNetCompiler.TargetPath = "PrecompiledWeb\MasterPages\"
		Release.AspNetCompiler.Updateable = "true"
		Release.AspNetCompiler.ForceOverwrite = "true"
		Release.AspNetCompiler.FixedNames = "false"
		Release.AspNetCompiler.Debug = "False"
		VWDPort = "64655"
	EndProjectSection
EndProject
Global
	GlobalSection(SolutionConfigurationPlatforms) = preSolution
		Debug|.NET = Debug|.NET
	EndGlobalSection
	GlobalSection(ProjectConfigurationPlatforms) = postSolution
		{A890A513-9770-4818-B5C2-34CCF58158CE}.Debug|.NET.ActiveCfg = Debug|.NET
		{A890A513-9770-4818-B5C2-34CCF58158CE}.Debug|.NET.Build.0 = Debug|.NET
	EndGlobalSection
	GlobalSection(SolutionProperties) = preSolution
		HideSolutionNode = FALSE
	EndGlobalSection
EndGlobal
