
Microsoft Visual Studio Solution File, Format Version 10.00
# Visual Studio Codename Orcas
Project("{E24C65DC-7377-472B-9ABA-BC803B73C61A}") = "Xml", "Xml\", "{2D0E8C08-B1C7-4C4D-9F3F-C98100465706}"
	ProjectSection(WebsiteProperties) = preProject
		TargetFramework = "3.5"
		Debug.AspNetCompiler.VirtualPath = "/Xml"
		Debug.AspNetCompiler.PhysicalPath = "D:\Code\Beginning ASP.NET 2.0 in VB\Chapter19\Xml\"
		Debug.AspNetCompiler.TargetPath = "PrecompiledWeb\Xml\"
		Debug.AspNetCompiler.Updateable = "true"
		Debug.AspNetCompiler.ForceOverwrite = "true"
		Debug.AspNetCompiler.FixedNames = "false"
		Debug.AspNetCompiler.Debug = "True"
		Release.AspNetCompiler.VirtualPath = "/Xml"
		Release.AspNetCompiler.PhysicalPath = "D:\Code\Beginning ASP.NET 2.0 in VB\Chapter19\Xml\"
		Release.AspNetCompiler.TargetPath = "PrecompiledWeb\Xml\"
		Release.AspNetCompiler.Updateable = "true"
		Release.AspNetCompiler.ForceOverwrite = "true"
		Release.AspNetCompiler.FixedNames = "false"
		Release.AspNetCompiler.Debug = "False"
		VWDPort = "49988"
	EndProjectSection
EndProject
Global
	GlobalSection(SolutionConfigurationPlatforms) = preSolution
		Debug|.NET = Debug|.NET
	EndGlobalSection
	GlobalSection(ProjectConfigurationPlatforms) = postSolution
		{2D0E8C08-B1C7-4C4D-9F3F-C98100465706}.Debug|.NET.ActiveCfg = Debug|.NET
		{2D0E8C08-B1C7-4C4D-9F3F-C98100465706}.Debug|.NET.Build.0 = Debug|.NET
	EndGlobalSection
	GlobalSection(SolutionProperties) = preSolution
		HideSolutionNode = FALSE
	EndGlobalSection
EndGlobal
