
Microsoft Visual Studio Solution File, Format Version 10.00
# Visual Studio 2008
Project("{E24C65DC-7377-472B-9ABA-BC803B73C61A}") = "MenuSiteMap", "MenuSiteMap\", "{127D8CBF-CE73-40EC-BBF0-64353E9FCDC1}"
	ProjectSection(WebsiteProperties) = preProject
		TargetFramework = "3.5"
		Debug.AspNetCompiler.VirtualPath = "/MenuSiteMap"
		Debug.AspNetCompiler.PhysicalPath = "D:\Code\Beginning ASP.NET 3.5 in VB\Chapter14\MenuSiteMap\"
		Debug.AspNetCompiler.TargetPath = "PrecompiledWeb\MenuSiteMap\"
		Debug.AspNetCompiler.Updateable = "true"
		Debug.AspNetCompiler.ForceOverwrite = "true"
		Debug.AspNetCompiler.FixedNames = "false"
		Debug.AspNetCompiler.Debug = "True"
		Release.AspNetCompiler.VirtualPath = "/MenuSiteMap"
		Release.AspNetCompiler.PhysicalPath = "D:\Code\Beginning ASP.NET 3.5 in VB\Chapter14\MenuSiteMap\"
		Release.AspNetCompiler.TargetPath = "PrecompiledWeb\MenuSiteMap\"
		Release.AspNetCompiler.Updateable = "true"
		Release.AspNetCompiler.ForceOverwrite = "true"
		Release.AspNetCompiler.FixedNames = "false"
		Release.AspNetCompiler.Debug = "False"
		VWDPort = "55453"
	EndProjectSection
EndProject
Global
	GlobalSection(SolutionConfigurationPlatforms) = preSolution
		Debug|.NET = Debug|.NET
	EndGlobalSection
	GlobalSection(ProjectConfigurationPlatforms) = postSolution
		{127D8CBF-CE73-40EC-BBF0-64353E9FCDC1}.Debug|.NET.ActiveCfg = Debug|.NET
		{127D8CBF-CE73-40EC-BBF0-64353E9FCDC1}.Debug|.NET.Build.0 = Debug|.NET
	EndGlobalSection
	GlobalSection(SolutionProperties) = preSolution
		HideSolutionNode = FALSE
	EndGlobalSection
EndGlobal
