
Microsoft Visual Studio Solution File, Format Version 10.00
# Visual Studio 2008
Project("{E24C65DC-7377-472B-9ABA-BC803B73C61A}") = "SimpleSiteMap", "SimpleSiteMap\", "{D7C153C9-6640-4579-BD5B-B240AF867B91}"
	ProjectSection(WebsiteProperties) = preProject
		TargetFramework = "3.5"
		Debug.AspNetCompiler.VirtualPath = "/SimpleSiteMap"
		Debug.AspNetCompiler.PhysicalPath = "D:\Code\Beginning ASP.NET 3.5 in VB\Chapter14\SimpleSiteMap\"
		Debug.AspNetCompiler.TargetPath = "PrecompiledWeb\SimpleSiteMap\"
		Debug.AspNetCompiler.Updateable = "true"
		Debug.AspNetCompiler.ForceOverwrite = "true"
		Debug.AspNetCompiler.FixedNames = "false"
		Debug.AspNetCompiler.Debug = "True"
		Release.AspNetCompiler.VirtualPath = "/SimpleSiteMap"
		Release.AspNetCompiler.PhysicalPath = "D:\Code\Beginning ASP.NET 3.5 in VB\Chapter14\SimpleSiteMap\"
		Release.AspNetCompiler.TargetPath = "PrecompiledWeb\SimpleSiteMap\"
		Release.AspNetCompiler.Updateable = "true"
		Release.AspNetCompiler.ForceOverwrite = "true"
		Release.AspNetCompiler.FixedNames = "false"
		Release.AspNetCompiler.Debug = "False"
		VWDPort = "55522"
	EndProjectSection
EndProject
Global
	GlobalSection(SolutionConfigurationPlatforms) = preSolution
		Debug|.NET = Debug|.NET
	EndGlobalSection
	GlobalSection(ProjectConfigurationPlatforms) = postSolution
		{D7C153C9-6640-4579-BD5B-B240AF867B91}.Debug|.NET.ActiveCfg = Debug|.NET
		{D7C153C9-6640-4579-BD5B-B240AF867B91}.Debug|.NET.Build.0 = Debug|.NET
	EndGlobalSection
	GlobalSection(SolutionProperties) = preSolution
		HideSolutionNode = FALSE
	EndGlobalSection
EndGlobal
